
Microsoft Visual Studio Solution File, Format Version 12.00
# Visual Studio Version 17
VisualStudioVersion = 17.0.32112.339
MinimumVisualStudioVersion = 10.0.40219.1
Project("{FAE04EC0-301F-11D3-BF4B-00C04F79EFBC}") = "EasyPhysics_.Android", "EasyPhysics_\EasyPhysics_.Android\EasyPhysics_.Android.csproj", "{1E196EC9-99EA-45B8-AD16-B884ED9DD6FB}"
EndProject
Project("{FAE04EC0-301F-11D3-BF4B-00C04F79EFBC}") = "EasyPhysics_.iOS", "EasyPhysics_\EasyPhysics_.iOS\EasyPhysics_.iOS.csproj", "{63DC1591-4147-434D-9D76-EBBC0D272FEF}"
EndProject
Project("{9A19103F-16F7-4668-BE54-9A1E7A4F7556}") = "EasyPhysics_", "EasyPhysics_\EasyPhysics_\EasyPhysics_.csproj", "{5D4534C6-00AB-48B9-BA89-34983F5E4FA7}"
EndProject
Global
	GlobalSection(SolutionConfigurationPlatforms) = preSolution
		Debug|Any CPU = Debug|Any CPU
		Debug|iPhone = Debug|iPhone
		Debug|iPhoneSimulator = Debug|iPhoneSimulator
		Release|Any CPU = Release|Any CPU
		Release|iPhone = Release|iPhone
		Release|iPhoneSimulator = Release|iPhoneSimulator
	EndGlobalSection
	GlobalSection(ProjectConfigurationPlatforms) = postSolution
		{1E196EC9-99EA-45B8-AD16-B884ED9DD6FB}.Debug|Any CPU.ActiveCfg = Debug|Any CPU
		{1E196EC9-99EA-45B8-AD16-B884ED9DD6FB}.Debug|Any CPU.Build.0 = Debug|Any CPU
		{1E196EC9-99EA-45B8-AD16-B884ED9DD6FB}.Debug|Any CPU.Deploy.0 = Debug|Any CPU
		{1E196EC9-99EA-45B8-AD16-B884ED9DD6FB}.Debug|iPhone.ActiveCfg = Debug|Any CPU
		{1E196EC9-99EA-45B8-AD16-B884ED9DD6FB}.Debug|iPhone.Build.0 = Debug|Any CPU
		{1E196EC9-99EA-45B8-AD16-B884ED9DD6FB}.Debug|iPhone.Deploy.0 = Debug|Any CPU
		{1E196EC9-99EA-45B8-AD16-B884ED9DD6FB}.Debug|iPhoneSimulator.ActiveCfg = Debug|Any CPU
		{1E196EC9-99EA-45B8-AD16-B884ED9DD6FB}.Debug|iPhoneSimulator.Build.0 = Debug|Any CPU
		{1E196EC9-99EA-45B8-AD16-B884ED9DD6FB}.Debug|iPhoneSimulator.Deploy.0 = Debug|Any CPU
		{1E196EC9-99EA-45B8-AD16-B884ED9DD6FB}.Release|Any CPU.ActiveCfg = Release|Any CPU
		{1E196EC9-99EA-45B8-AD16-B884ED9DD6FB}.Release|Any CPU.Build.0 = Release|Any CPU
		{1E196EC9-99EA-45B8-AD16-B884ED9DD6FB}.Release|Any CPU.Deploy.0 = Release|Any CPU
		{1E196EC9-99EA-45B8-AD16-B884ED9DD6FB}.Release|iPhone.ActiveCfg = Release|Any CPU
		{1E196EC9-99EA-45B8-AD16-B884ED9DD6FB}.Release|iPhone.Build.0 = Release|Any CPU
		{1E196EC9-99EA-45B8-AD16-B884ED9DD6FB}.Release|iPhone.Deploy.0 = Release|Any CPU
		{1E196EC9-99EA-45B8-AD16-B884ED9DD6FB}.Release|iPhoneSimulator.ActiveCfg = Release|Any CPU
		{1E196EC9-99EA-45B8-AD16-B884ED9DD6FB}.Release|iPhoneSimulator.Build.0 = Release|Any CPU
		{1E196EC9-99EA-45B8-AD16-B884ED9DD6FB}.Release|iPhoneSimulator.Deploy.0 = Release|Any CPU
		{63DC1591-4147-434D-9D76-EBBC0D272FEF}.Debug|Any CPU.ActiveCfg = Debug|iPhone
		{63DC1591-4147-434D-9D76-EBBC0D272FEF}.Debug|Any CPU.Build.0 = Debug|iPhone
		{63DC1591-4147-434D-9D76-EBBC0D272FEF}.Debug|Any CPU.Deploy.0 = Debug|iPhone
		{63DC1591-4147-434D-9D76-EBBC0D272FEF}.Debug|iPhone.ActiveCfg = Debug|iPhone
		{63DC1591-4147-434D-9D76-EBBC0D272FEF}.Debug|iPhone.Build.0 = Debug|iPhone
		{63DC1591-4147-434D-9D76-EBBC0D272FEF}.Debug|iPhone.Deploy.0 = Debug|iPhone
		{63DC1591-4147-434D-9D76-EBBC0D272FEF}.Debug|iPhoneSimulator.ActiveCfg = Debug|iPhoneSimulator
		{63DC1591-4147-434D-9D76-EBBC0D272FEF}.Debug|iPhoneSimulator.Build.0 = Debug|iPhoneSimulator
		{63DC1591-4147-434D-9D76-EBBC0D272FEF}.Debug|iPhoneSimulator.Deploy.0 = Debug|iPhoneSimulator
		{63DC1591-4147-434D-9D76-EBBC0D272FEF}.Release|Any CPU.ActiveCfg = Release|iPhoneSimulator
		{63DC1591-4147-434D-9D76-EBBC0D272FEF}.Release|Any CPU.Build.0 = Release|iPhoneSimulator
		{63DC1591-4147-434D-9D76-EBBC0D272FEF}.Release|Any CPU.Deploy.0 = Release|iPhoneSimulator
		{63DC1591-4147-434D-9D76-EBBC0D272FEF}.Release|iPhone.ActiveCfg = Release|iPhone
		{63DC1591-4147-434D-9D76-EBBC0D272FEF}.Release|iPhone.Build.0 = Release|iPhone
		{63DC1591-4147-434D-9D76-EBBC0D272FEF}.Release|iPhone.Deploy.0 = Release|iPhone
		{63DC1591-4147-434D-9D76-EBBC0D272FEF}.Release|iPhoneSimulator.ActiveCfg = Release|iPhoneSimulator
		{63DC1591-4147-434D-9D76-EBBC0D272FEF}.Release|iPhoneSimulator.Build.0 = Release|iPhoneSimulator
		{63DC1591-4147-434D-9D76-EBBC0D272FEF}.Release|iPhoneSimulator.Deploy.0 = Release|iPhoneSimulator
		{5D4534C6-00AB-48B9-BA89-34983F5E4FA7}.Debug|Any CPU.ActiveCfg = Debug|Any CPU
		{5D4534C6-00AB-48B9-BA89-34983F5E4FA7}.Debug|Any CPU.Build.0 = Debug|Any CPU
		{5D4534C6-00AB-48B9-BA89-34983F5E4FA7}.Debug|Any CPU.Deploy.0 = Debug|Any CPU
		{5D4534C6-00AB-48B9-BA89-34983F5E4FA7}.Debug|iPhone.ActiveCfg = Debug|Any CPU
		{5D4534C6-00AB-48B9-BA89-34983F5E4FA7}.Debug|iPhone.Build.0 = Debug|Any CPU
		{5D4534C6-00AB-48B9-BA89-34983F5E4FA7}.Debug|iPhone.Deploy.0 = Debug|Any CPU
		{5D4534C6-00AB-48B9-BA89-34983F5E4FA7}.Debug|iPhoneSimulator.ActiveCfg = Debug|Any CPU
		{5D4534C6-00AB-48B9-BA89-34983F5E4FA7}.Debug|iPhoneSimulator.Build.0 = Debug|Any CPU
		{5D4534C6-00AB-48B9-BA89-34983F5E4FA7}.Debug|iPhoneSimulator.Deploy.0 = Debug|Any CPU
		{5D4534C6-00AB-48B9-BA89-34983F5E4FA7}.Release|Any CPU.ActiveCfg = Release|Any CPU
		{5D4534C6-00AB-48B9-BA89-34983F5E4FA7}.Release|Any CPU.Build.0 = Release|Any CPU
		{5D4534C6-00AB-48B9-BA89-34983F5E4FA7}.Release|Any CPU.Deploy.0 = Release|Any CPU
		{5D4534C6-00AB-48B9-BA89-34983F5E4FA7}.Release|iPhone.ActiveCfg = Release|Any CPU
		{5D4534C6-00AB-48B9-BA89-34983F5E4FA7}.Release|iPhone.Build.0 = Release|Any CPU
		{5D4534C6-00AB-48B9-BA89-34983F5E4FA7}.Release|iPhone.Deploy.0 = Release|Any CPU
		{5D4534C6-00AB-48B9-BA89-34983F5E4FA7}.Release|iPhoneSimulator.ActiveCfg = Release|Any CPU
		{5D4534C6-00AB-48B9-BA89-34983F5E4FA7}.Release|iPhoneSimulator.Build.0 = Release|Any CPU
		{5D4534C6-00AB-48B9-BA89-34983F5E4FA7}.Release|iPhoneSimulator.Deploy.0 = Release|Any CPU
	EndGlobalSection
	GlobalSection(SolutionProperties) = preSolution
		HideSolutionNode = FALSE
	EndGlobalSection
	GlobalSection(ExtensibilityGlobals) = postSolution
		SolutionGuid = {9F44A1F0-4169-4D0A-9C22-1D552523FC43}
	EndGlobalSection
EndGlobal
